// !$*UTF8*$!
{
	archiveVersion = 1;
	classes = {
	};
	objectVersion = 56;
	objects = {

/* Begin PBXBuildFile section */
		6534008A2C6100890024A3E7 /* Lesson17App.swift in Sources */ = {isa = PBXBuildFile; fileRef = 653400892C6100890024A3E7 /* Lesson17App.swift */; };
		6534008C2C6100890024A3E7 /* FruityView.swift in Sources */ = {isa = PBXBuildFile; fileRef = 6534008B2C6100890024A3E7 /* FruityView.swift */; };
		6534008E2C61008B0024A3E7 /* Assets.xcassets in Resources */ = {isa = PBXBuildFile; fileRef = 6534008D2C61008B0024A3E7 /* Assets.xcassets */; };
		653400912C61008B0024A3E7 /* Preview Assets.xcassets in Resources */ = {isa = PBXBuildFile; fileRef = 653400902C61008B0024A3E7 /* Preview Assets.xcassets */; };
		653400A32C6154780024A3E7 /* FruityAPI in Frameworks */ = {isa = PBXBuildFile; productRef = 653400A22C6154780024A3E7 /* FruityAPI */; };
		653400A82C615CA50024A3E7 /* FruityAPI in Resources */ = {isa = PBXBuildFile; fileRef = 653400A62C615CA50024A3E7 /* FruityAPI */; };
		653400AC2C615FB90024A3E7 /* FruityViewModel.swift in Sources */ = {isa = PBXBuildFile; fileRef = 653400AB2C615FB90024A3E7 /* FruityViewModel.swift */; };
		653400B52C6174CF0024A3E7 /* FruitRowView.swift in Sources */ = {isa = PBXBuildFile; fileRef = 653400B42C6174CF0024A3E7 /* FruitRowView.swift */; };
		653400B72C6178E50024A3E7 /* FruitDetailView.swift in Sources */ = {isa = PBXBuildFile; fileRef = 653400B62C6178E50024A3E7 /* FruitDetailView.swift */; };
/* End PBXBuildFile section */

/* Begin PBXFileReference section */
		653400862C6100890024A3E7 /* Lesson17.app */ = {isa = PBXFileReference; explicitFileType = wrapper.application; includeInIndex = 0; name = Lesson17.app; path = "/Users/sergeyd/Documents/GitHub/Lesson17/build/Debug-iphoneos/Lesson17.app"; sourceTree = "<absolute>"; };
		653400892C6100890024A3E7 /* Lesson17App.swift */ = {isa = PBXFileReference; lastKnownFileType = sourcecode.swift; path = Lesson17App.swift; sourceTree = "<group>"; };
		6534008B2C6100890024A3E7 /* FruityView.swift */ = {isa = PBXFileReference; lastKnownFileType = sourcecode.swift; path = FruityView.swift; sourceTree = "<group>"; };
		6534008D2C61008B0024A3E7 /* Assets.xcassets */ = {isa = PBXFileReference; lastKnownFileType = folder.assetcatalog; path = Assets.xcassets; sourceTree = "<group>"; };
		653400902C61008B0024A3E7 /* Preview Assets.xcassets */ = {isa = PBXFileReference; lastKnownFileType = folder.assetcatalog; path = "Preview Assets.xcassets"; sourceTree = "<group>"; };
		653400972C614D220024A3E7 /* generateFruityAPI.sh */ = {isa = PBXFileReference; lastKnownFileType = text.script.sh; path = generateFruityAPI.sh; sourceTree = "<group>"; };
		653400A42C615B3B0024A3E7 /* fruityapi.yaml */ = {isa = PBXFileReference; lastKnownFileType = text.yaml; path = fruityapi.yaml; sourceTree = "<group>"; };
		653400A62C615CA50024A3E7 /* FruityAPI */ = {isa = PBXFileReference; lastKnownFileType = wrapper; path = FruityAPI; sourceTree = "<group>"; };
		653400AB2C615FB90024A3E7 /* FruityViewModel.swift */ = {isa = PBXFileReference; lastKnownFileType = sourcecode.swift; path = FruityViewModel.swift; sourceTree = "<group>"; };
		653400B42C6174CF0024A3E7 /* FruitRowView.swift */ = {isa = PBXFileReference; lastKnownFileType = sourcecode.swift; path = FruitRowView.swift; sourceTree = "<group>"; };
		653400B62C6178E50024A3E7 /* FruitDetailView.swift */ = {isa = PBXFileReference; lastKnownFileType = sourcecode.swift; path = FruitDetailView.swift; sourceTree = "<group>"; };
/* End PBXFileReference section */

/* Begin PBXFrameworksBuildPhase section */
		653400832C6100890024A3E7 /* Frameworks */ = {
			isa = PBXFrameworksBuildPhase;
			buildActionMask = 2147483647;
			files = (
				653400A32C6154780024A3E7 /* FruityAPI in Frameworks */,
			);
			runOnlyForDeploymentPostprocessing = 0;
		};
/* End PBXFrameworksBuildPhase section */

/* Begin PBXGroup section */
		6534007D2C6100890024A3E7 = {
			isa = PBXGroup;
			children = (
				653400882C6100890024A3E7 /* Lesson17 */,
			);
			sourceTree = "<group>";
		};
		653400882C6100890024A3E7 /* Lesson17 */ = {
			isa = PBXGroup;
			children = (
				653400A72C615CA50024A3E7 /* Modules */,
				653400A92C615F570024A3E7 /* Documents */,
				653400892C6100890024A3E7 /* Lesson17App.swift */,
				653400AA2C615FA40024A3E7 /* Views */,
				653400AD2C615FBE0024A3E7 /* ViewModels */,
				6534008D2C61008B0024A3E7 /* Assets.xcassets */,
				6534008F2C61008B0024A3E7 /* Preview Content */,
			);
			path = Lesson17;
			sourceTree = "<group>";
		};
		6534008F2C61008B0024A3E7 /* Preview Content */ = {
			isa = PBXGroup;
			children = (
				653400902C61008B0024A3E7 /* Preview Assets.xcassets */,
			);
			path = "Preview Content";
			sourceTree = "<group>";
		};
		653400A72C615CA50024A3E7 /* Modules */ = {
			isa = PBXGroup;
			children = (
				653400A62C615CA50024A3E7 /* FruityAPI */,
			);
			path = Modules;
			sourceTree = "<group>";
		};
		653400A92C615F570024A3E7 /* Documents */ = {
			isa = PBXGroup;
			children = (
				653400972C614D220024A3E7 /* generateFruityAPI.sh */,
				653400A42C615B3B0024A3E7 /* fruityapi.yaml */,
			);
			path = Documents;
			sourceTree = "<group>";
		};
		653400AA2C615FA40024A3E7 /* Views */ = {
			isa = PBXGroup;
			children = (
				6534008B2C6100890024A3E7 /* FruityView.swift */,
				653400B42C6174CF0024A3E7 /* FruitRowView.swift */,
				653400B62C6178E50024A3E7 /* FruitDetailView.swift */,
			);
			path = Views;
			sourceTree = "<group>";
		};
		653400AD2C615FBE0024A3E7 /* ViewModels */ = {
			isa = PBXGroup;
			children = (
				653400AB2C615FB90024A3E7 /* FruityViewModel.swift */,
			);
			path = ViewModels;
			sourceTree = "<group>";
		};
/* End PBXGroup section */

/* Begin PBXNativeTarget section */
		653400852C6100890024A3E7 /* Lesson17 */ = {
			isa = PBXNativeTarget;
			buildConfigurationList = 653400942C61008B0024A3E7 /* Build configuration list for PBXNativeTarget "Lesson17" */;
			buildPhases = (
				653400822C6100890024A3E7 /* Sources */,
				653400832C6100890024A3E7 /* Frameworks */,
				653400842C6100890024A3E7 /* Resources */,
			);
			buildRules = (
			);
			dependencies = (
			);
			name = Lesson17;
			packageProductDependencies = (
				653400A22C6154780024A3E7 /* FruityAPI */,
			);
			productName = Lesson17;
			productReference = 653400862C6100890024A3E7 /* Lesson17.app */;
			productType = "com.apple.product-type.application";
		};
/* End PBXNativeTarget section */

/* Begin PBXProject section */
		6534007E2C6100890024A3E7 /* Project object */ = {
			isa = PBXProject;
			attributes = {
				BuildIndependentTargetsInParallel = 1;
				LastSwiftUpdateCheck = 1540;
				LastUpgradeCheck = 1540;
				TargetAttributes = {
					653400852C6100890024A3E7 = {
						CreatedOnToolsVersion = 15.4;
					};
				};
			};
			buildConfigurationList = 653400812C6100890024A3E7 /* Build configuration list for PBXProject "Lesson17" */;
			compatibilityVersion = "Xcode 14.0";
			developmentRegion = en;
			hasScannedForEncodings = 0;
			knownRegions = (
				en,
				Base,
			);
			mainGroup = 6534007D2C6100890024A3E7;
			productRefGroup = 6534007D2C6100890024A3E7;
			projectDirPath = "";
			projectRoot = "";
			targets = (
				653400852C6100890024A3E7 /* Lesson17 */,
			);
		};
/* End PBXProject section */

/* Begin PBXResourcesBuildPhase section */
		653400842C6100890024A3E7 /* Resources */ = {
			isa = PBXResourcesBuildPhase;
			buildActionMask = 2147483647;
			files = (
				653400A82C615CA50024A3E7 /* FruityAPI in Resources */,
				653400912C61008B0024A3E7 /* Preview Assets.xcassets in Resources */,
				6534008E2C61008B0024A3E7 /* Assets.xcassets in Resources */,
			);
			runOnlyForDeploymentPostprocessing = 0;
		};
/* End PBXResourcesBuildPhase section */

/* Begin PBXSourcesBuildPhase section */
		653400822C6100890024A3E7 /* Sources */ = {
			isa = PBXSourcesBuildPhase;
			buildActionMask = 2147483647;
			files = (
				653400B52C6174CF0024A3E7 /* FruitRowView.swift in Sources */,
				6534008C2C6100890024A3E7 /* FruityView.swift in Sources */,
				653400B72C6178E50024A3E7 /* FruitDetailView.swift in Sources */,
				6534008A2C6100890024A3E7 /* Lesson17App.swift in Sources */,
				653400AC2C615FB90024A3E7 /* FruityViewModel.swift in Sources */,
			);
			runOnlyForDeploymentPostprocessing = 0;
		};
/* End PBXSourcesBuildPhase section */

/* Begin XCBuildConfiguration section */
		653400922C61008B0024A3E7 /* Debug */ = {
			isa = XCBuildConfiguration;
			buildSettings = {
				ALWAYS_SEARCH_USER_PATHS = NO;
				ASSETCATALOG_COMPILER_GENERATE_SWIFT_ASSET_SYMBOL_EXTENSIONS = YES;
				CLANG_ANALYZER_NONNULL = YES;
				CLANG_ANALYZER_NUMBER_OBJECT_CONVERSION = YES_AGGRESSIVE;
				CLANG_CXX_LANGUAGE_STANDARD = "gnu++20";
				CLANG_ENABLE_MODULES = YES;
				CLANG_ENABLE_OBJC_ARC = YES;
				CLANG_ENABLE_OBJC_WEAK = YES;
				CLANG_WARN_BLOCK_CAPTURE_AUTORELEASING = YES;
				CLANG_WARN_BOOL_CONVERSION = YES;
				CLANG_WARN_COMMA = YES;
				CLANG_WARN_CONSTANT_CONVERSION = YES;
				CLANG_WARN_DEPRECATED_OBJC_IMPLEMENTATIONS = YES;
				CLANG_WARN_DIRECT_OBJC_ISA_USAGE = YES_ERROR;
				CLANG_WARN_DOCUMENTATION_COMMENTS = YES;
				CLANG_WARN_EMPTY_BODY = YES;
				CLANG_WARN_ENUM_CONVERSION = YES;
				CLANG_WARN_INFINITE_RECURSION = YES;
				CLANG_WARN_INT_CONVERSION = YES;
				CLANG_WARN_NON_LITERAL_NULL_CONVERSION = YES;
				CLANG_WARN_OBJC_IMPLICIT_RETAIN_SELF = YES;
				CLANG_WARN_OBJC_LITERAL_CONVERSION = YES;
				CLANG_WARN_OBJC_ROOT_CLASS = YES_ERROR;
				CLANG_WARN_QUOTED_INCLUDE_IN_FRAMEWORK_HEADER = YES;
				CLANG_WARN_RANGE_LOOP_ANALYSIS = YES;
				CLANG_WARN_STRICT_PROTOTYPES = YES;
				CLANG_WARN_SUSPICIOUS_MOVE = YES;
				CLANG_WARN_UNGUARDED_AVAILABILITY = YES_AGGRESSIVE;
				CLANG_WARN_UNREACHABLE_CODE = YES;
				CLANG_WARN__DUPLICATE_METHOD_MATCH = YES;
				COPY_PHASE_STRIP = NO;
				DEBUG_INFORMATION_FORMAT = dwarf;
				ENABLE_STRICT_OBJC_MSGSEND = YES;
				ENABLE_TESTABILITY = YES;
				ENABLE_USER_SCRIPT_SANDBOXING = YES;
				GCC_C_LANGUAGE_STANDARD = gnu17;
				GCC_DYNAMIC_NO_PIC = NO;
				GCC_NO_COMMON_BLOCKS = YES;
				GCC_OPTIMIZATION_LEVEL = 0;
				GCC_PREPROCESSOR_DEFINITIONS = (
					"DEBUG=1",
					"$(inherited)",
				);
				GCC_WARN_64_TO_32_BIT_CONVERSION = YES;
				GCC_WARN_ABOUT_RETURN_TYPE = YES_ERROR;
				GCC_WARN_UNDECLARED_SELECTOR = YES;
				GCC_WARN_UNINITIALIZED_AUTOS = YES_AGGRESSIVE;
				GCC_WARN_UNUSED_FUNCTION = YES;
				GCC_WARN_UNUSED_VARIABLE = YES;
				IPHONEOS_DEPLOYMENT_TARGET = 17.5;
				LOCALIZATION_PREFERS_STRING_CATALOGS = YES;
				MTL_ENABLE_DEBUG_INFO = INCLUDE_SOURCE;
				MTL_FAST_MATH = YES;
				ONLY_ACTIVE_ARCH = YES;
				SDKROOT = iphoneos;
				SWIFT_ACTIVE_COMPILATION_CONDITIONS = "DEBUG $(inherited)";
				SWIFT_OPTIMIZATION_LEVEL = "-Onone";
			};
			name = Debug;
		};
		653400932C61008B0024A3E7 /* Release */ = {
			isa = XCBuildConfiguration;
			buildSettings = {
				ALWAYS_SEARCH_USER_PATHS = NO;
				ASSETCATALOG_COMPILER_GENERATE_SWIFT_ASSET_SYMBOL_EXTENSIONS = YES;
				CLANG_ANALYZER_NONNULL = YES;
				CLANG_ANALYZER_NUMBER_OBJECT_CONVERSION = YES_AGGRESSIVE;
				CLANG_CXX_LANGUAGE_STANDARD = "gnu++20";
				CLANG_ENABLE_MODULES = YES;
				CLANG_ENABLE_OBJC_ARC = YES;
				CLANG_ENABLE_OBJC_WEAK = YES;
				CLANG_WARN_BLOCK_CAPTURE_AUTORELEASING = YES;
				CLANG_WARN_BOOL_CONVERSION = YES;
				CLANG_WARN_COMMA = YES;
				CLANG_WARN_CONSTANT_CONVERSION = YES;
				CLANG_WARN_DEPRECATED_OBJC_IMPLEMENTATIONS = YES;
				CLANG_WARN_DIRECT_OBJC_ISA_USAGE = YES_ERROR;
				CLANG_WARN_DOCUMENTATION_COMMENTS = YES;
				CLANG_WARN_EMPTY_BODY = YES;
				CLANG_WARN_ENUM_CONVERSION = YES;
				CLANG_WARN_INFINITE_RECURSION = YES;
				CLANG_WARN_INT_CONVERSION = YES;
				CLANG_WARN_NON_LITERAL_NULL_CONVERSION = YES;
				CLANG_WARN_OBJC_IMPLICIT_RETAIN_SELF = YES;
				CLANG_WARN_OBJC_LITERAL_CONVERSION = YES;
				CLANG_WARN_OBJC_ROOT_CLASS = YES_ERROR;
				CLANG_WARN_QUOTED_INCLUDE_IN_FRAMEWORK_HEADER = YES;
				CLANG_WARN_RANGE_LOOP_ANALYSIS = YES;
				CLANG_WARN_STRICT_PROTOTYPES = YES;
				CLANG_WARN_SUSPICIOUS_MOVE = YES;
				CLANG_WARN_UNGUARDED_AVAILABILITY = YES_AGGRESSIVE;
				CLANG_WARN_UNREACHABLE_CODE = YES;
				CLANG_WARN__DUPLICATE_METHOD_MATCH = YES;
				COPY_PHASE_STRIP = NO;
				DEBUG_INFORMATION_FORMAT = "dwarf-with-dsym";
				ENABLE_NS_ASSERTIONS = NO;
				ENABLE_STRICT_OBJC_MSGSEND = YES;
				ENABLE_USER_SCRIPT_SANDBOXING = YES;
				GCC_C_LANGUAGE_STANDARD = gnu17;
				GCC_NO_COMMON_BLOCKS = YES;
				GCC_WARN_64_TO_32_BIT_CONVERSION = YES;
				GCC_WARN_ABOUT_RETURN_TYPE = YES_ERROR;
				GCC_WARN_UNDECLARED_SELECTOR = YES;
				GCC_WARN_UNINITIALIZED_AUTOS = YES_AGGRESSIVE;
				GCC_WARN_UNUSED_FUNCTION = YES;
				GCC_WARN_UNUSED_VARIABLE = YES;
				IPHONEOS_DEPLOYMENT_TARGET = 17.5;
				LOCALIZATION_PREFERS_STRING_CATALOGS = YES;
				MTL_ENABLE_DEBUG_INFO = NO;
				MTL_FAST_MATH = YES;
				SDKROOT = iphoneos;
				SWIFT_COMPILATION_MODE = wholemodule;
				VALIDATE_PRODUCT = YES;
			};
			name = Release;
		};
		653400952C61008B0024A3E7 /* Debug */ = {
			isa = XCBuildConfiguration;
			buildSettings = {
				ASSETCATALOG_COMPILER_APPICON_NAME = AppIcon;
				ASSETCATALOG_COMPILER_GLOBAL_ACCENT_COLOR_NAME = AccentColor;
				CODE_SIGN_STYLE = Automatic;
				CURRENT_PROJECT_VERSION = 1;
				DEVELOPMENT_ASSET_PATHS = "\"Lesson17/Preview Content\"";
				ENABLE_PREVIEWS = YES;
				GENERATE_INFOPLIST_FILE = YES;
				INFOPLIST_KEY_UIApplicationSceneManifest_Generation = YES;
				INFOPLIST_KEY_UIApplicationSupportsIndirectInputEvents = YES;
				INFOPLIST_KEY_UILaunchScreen_Generation = YES;
				INFOPLIST_KEY_UISupportedInterfaceOrientations_iPad = "UIInterfaceOrientationPortrait UIInterfaceOrientationPortraitUpsideDown UIInterfaceOrientationLandscapeLeft UIInterfaceOrientationLandscapeRight";
				INFOPLIST_KEY_UISupportedInterfaceOrientations_iPhone = "UIInterfaceOrientationPortrait UIInterfaceOrientationLandscapeLeft UIInterfaceOrientationLandscapeRight";
				LD_RUNPATH_SEARCH_PATHS = (
					"$(inherited)",
					"@executable_path/Frameworks",
				);
				MARKETING_VERSION = 1.0;
				PRODUCT_BUNDLE_IDENTIFIER = App.Lesson17;
				PRODUCT_NAME = "$(TARGET_NAME)";
				SWIFT_EMIT_LOC_STRINGS = YES;
				SWIFT_VERSION = 5.0;
				TARGETED_DEVICE_FAMILY = "1,2";
			};
			name = Debug;
		};
		653400962C61008B0024A3E7 /* Release */ = {
			isa = XCBuildConfiguration;
			buildSettings = {
				ASSETCATALOG_COMPILER_APPICON_NAME = AppIcon;
				ASSETCATALOG_COMPILER_GLOBAL_ACCENT_COLOR_NAME = AccentColor;
				CODE_SIGN_STYLE = Automatic;
				CURRENT_PROJECT_VERSION = 1;
				DEVELOPMENT_ASSET_PATHS = "\"Lesson17/Preview Content\"";
				ENABLE_PREVIEWS = YES;
				GENERATE_INFOPLIST_FILE = YES;
				INFOPLIST_KEY_UIApplicationSceneManifest_Generation = YES;
				INFOPLIST_KEY_UIApplicationSupportsIndirectInputEvents = YES;
				INFOPLIST_KEY_UILaunchScreen_Generation = YES;
				INFOPLIST_KEY_UISupportedInterfaceOrientations_iPad = "UIInterfaceOrientationPortrait UIInterfaceOrientationPortraitUpsideDown UIInterfaceOrientationLandscapeLeft UIInterfaceOrientationLandscapeRight";
				INFOPLIST_KEY_UISupportedInterfaceOrientations_iPhone = "UIInterfaceOrientationPortrait UIInterfaceOrientationLandscapeLeft UIInterfaceOrientationLandscapeRight";
				LD_RUNPATH_SEARCH_PATHS = (
					"$(inherited)",
					"@executable_path/Frameworks",
				);
				MARKETING_VERSION = 1.0;
				PRODUCT_BUNDLE_IDENTIFIER = App.Lesson17;
				PRODUCT_NAME = "$(TARGET_NAME)";
				SWIFT_EMIT_LOC_STRINGS = YES;
				SWIFT_VERSION = 5.0;
				TARGETED_DEVICE_FAMILY = "1,2";
			};
			name = Release;
		};
/* End XCBuildConfiguration section */

/* Begin XCConfigurationList section */
		653400812C6100890024A3E7 /* Build configuration list for PBXProject "Lesson17" */ = {
			isa = XCConfigurationList;
			buildConfigurations = (
				653400922C61008B0024A3E7 /* Debug */,
				653400932C61008B0024A3E7 /* Release */,
			);
			defaultConfigurationIsVisible = 0;
			defaultConfigurationName = Release;
		};
		653400942C61008B0024A3E7 /* Build configuration list for PBXNativeTarget "Lesson17" */ = {
			isa = XCConfigurationList;
			buildConfigurations = (
				653400952C61008B0024A3E7 /* Debug */,
				653400962C61008B0024A3E7 /* Release */,
			);
			defaultConfigurationIsVisible = 0;
			defaultConfigurationName = Release;
		};
/* End XCConfigurationList section */

/* Begin XCSwiftPackageProductDependency section */
		653400A22C6154780024A3E7 /* FruityAPI */ = {
			isa = XCSwiftPackageProductDependency;
			productName = FruityAPI;
		};
/* End XCSwiftPackageProductDependency section */
	};
	rootObject = 6534007E2C6100890024A3E7 /* Project object */;
}
